
Microsoft Visual Studio Solution File, Format Version 12.00
# Visual Studio 15
VisualStudioVersion = 15.0.26430.14
MinimumVisualStudioVersion = 10.0.40219.1
Project("{9A19103F-16F7-4668-BE54-9A1E7A4F7556}") = "Limo.Plugins", "src\Limo.Plugins\Limo.Plugins.csproj", "{04281157-1E59-4A67-AEE6-7E7DA08009F6}"
EndProject
Project("{2150E333-8FDC-42A3-9474-1A3956D46DE8}") = "src", "src", "{4A37F17B-546B-4021-B060-924FA2244E40}"
EndProject
Project("{2150E333-8FDC-42A3-9474-1A3956D46DE8}") = "test", "test", "{5C303B3E-0AC6-44EC-9C99-EF4858E2F1FE}"
EndProject
Project("{9A19103F-16F7-4668-BE54-9A1E7A4F7556}") = "Limo.Plugins.Test", "test\Limo.Plugins.Test\Limo.Plugins.Test.csproj", "{710BCFB7-44EC-4FF9-A424-80DB4BAF0849}"
EndProject
Global
	GlobalSection(SolutionConfigurationPlatforms) = preSolution
		Debug|Any CPU = Debug|Any CPU
		Release|Any CPU = Release|Any CPU
	EndGlobalSection
	GlobalSection(ProjectConfigurationPlatforms) = postSolution
		{04281157-1E59-4A67-AEE6-7E7DA08009F6}.Debug|Any CPU.ActiveCfg = Debug|Any CPU
		{04281157-1E59-4A67-AEE6-7E7DA08009F6}.Debug|Any CPU.Build.0 = Debug|Any CPU
		{04281157-1E59-4A67-AEE6-7E7DA08009F6}.Release|Any CPU.ActiveCfg = Release|Any CPU
		{04281157-1E59-4A67-AEE6-7E7DA08009F6}.Release|Any CPU.Build.0 = Release|Any CPU
		{710BCFB7-44EC-4FF9-A424-80DB4BAF0849}.Debug|Any CPU.ActiveCfg = Debug|Any CPU
		{710BCFB7-44EC-4FF9-A424-80DB4BAF0849}.Debug|Any CPU.Build.0 = Debug|Any CPU
		{710BCFB7-44EC-4FF9-A424-80DB4BAF0849}.Release|Any CPU.ActiveCfg = Release|Any CPU
		{710BCFB7-44EC-4FF9-A424-80DB4BAF0849}.Release|Any CPU.Build.0 = Release|Any CPU
	EndGlobalSection
	GlobalSection(SolutionProperties) = preSolution
		HideSolutionNode = FALSE
	EndGlobalSection
	GlobalSection(NestedProjects) = preSolution
		{04281157-1E59-4A67-AEE6-7E7DA08009F6} = {4A37F17B-546B-4021-B060-924FA2244E40}
		{710BCFB7-44EC-4FF9-A424-80DB4BAF0849} = {5C303B3E-0AC6-44EC-9C99-EF4858E2F1FE}
	EndGlobalSection
EndGlobal
