
Microsoft Visual Studio Solution File, Format Version 12.00
# Visual Studio 15
VisualStudioVersion = 15.0.26430.14
MinimumVisualStudioVersion = 10.0.40219.1
Project("{9A19103F-16F7-4668-BE54-9A1E7A4F7556}") = "Limo.Plugins", "src\Limo.Plugins\Limo.Plugins.csproj", "{04281157-1E59-4A67-AEE6-7E7DA08009F6}"
EndProject
Project("{2150E333-8FDC-42A3-9474-1A3956D46DE8}") = "src", "src", "{4A37F17B-546B-4021-B060-924FA2244E40}"
EndProject
Project("{2150E333-8FDC-42A3-9474-1A3956D46DE8}") = "test", "test", "{5C303B3E-0AC6-44EC-9C99-EF4858E2F1FE}"
EndProject
Project("{9A19103F-16F7-4668-BE54-9A1E7A4F7556}") = "Limo.Plugins.Test", "test\Limo.Plugins.Test\Limo.Plugins.Test.csproj", "{710BCFB7-44EC-4FF9-A424-80DB4BAF0849}"
EndProject
Project("{FAE04EC0-301F-11D3-BF4B-00C04F79EFBC}") = "Limo.Plugins.Abstractions", "src\Limo.Plugins.Abstractions\Limo.Plugins.Abstractions.csproj", "{2F481D17-B387-45B8-971D-4A4C01095CB1}"
EndProject
Project("{2150E333-8FDC-42A3-9474-1A3956D46DE8}") = "samples", "samples", "{2F86C477-3E44-4F57-AFFB-8C59E24FF3F0}"
EndProject
Project("{FAE04EC0-301F-11D3-BF4B-00C04F79EFBC}") = "Limo.Plugins.Demo", "samples\Limo.Plugins.Demo\Limo.Plugins.Demo.csproj", "{67D7FE43-81CD-45BA-A61F-DBDE8710BD70}"
	ProjectSection(ProjectDependencies) = postProject
		{D950617C-FEA8-4B14-B6EF-C65172C4CBA5} = {D950617C-FEA8-4B14-B6EF-C65172C4CBA5}
		{FE19C59A-3EE1-488C-90CC-F196B8056374} = {FE19C59A-3EE1-488C-90CC-F196B8056374}
	EndProjectSection
EndProject
Project("{FAE04EC0-301F-11D3-BF4B-00C04F79EFBC}") = "Limo.Plugins.Demo.Plugin2", "samples\Limo.Plugins.Demo.Plugin2\Limo.Plugins.Demo.Plugin2.csproj", "{D950617C-FEA8-4B14-B6EF-C65172C4CBA5}"
EndProject
Project("{9A19103F-16F7-4668-BE54-9A1E7A4F7556}") = "Limo.Plugins.Demo.Plugin1", "samples\Limo.Plugins.Demo.Plugin1\Limo.Plugins.Demo.Plugin1.csproj", "{FE19C59A-3EE1-488C-90CC-F196B8056374}"
EndProject
Global
	GlobalSection(SolutionConfigurationPlatforms) = preSolution
		Debug|Any CPU = Debug|Any CPU
		Release|Any CPU = Release|Any CPU
	EndGlobalSection
	GlobalSection(ProjectConfigurationPlatforms) = postSolution
		{04281157-1E59-4A67-AEE6-7E7DA08009F6}.Debug|Any CPU.ActiveCfg = Debug|Any CPU
		{04281157-1E59-4A67-AEE6-7E7DA08009F6}.Debug|Any CPU.Build.0 = Debug|Any CPU
		{04281157-1E59-4A67-AEE6-7E7DA08009F6}.Release|Any CPU.ActiveCfg = Release|Any CPU
		{04281157-1E59-4A67-AEE6-7E7DA08009F6}.Release|Any CPU.Build.0 = Release|Any CPU
		{710BCFB7-44EC-4FF9-A424-80DB4BAF0849}.Debug|Any CPU.ActiveCfg = Debug|Any CPU
		{710BCFB7-44EC-4FF9-A424-80DB4BAF0849}.Debug|Any CPU.Build.0 = Debug|Any CPU
		{710BCFB7-44EC-4FF9-A424-80DB4BAF0849}.Release|Any CPU.ActiveCfg = Release|Any CPU
		{710BCFB7-44EC-4FF9-A424-80DB4BAF0849}.Release|Any CPU.Build.0 = Release|Any CPU
		{2F481D17-B387-45B8-971D-4A4C01095CB1}.Debug|Any CPU.ActiveCfg = Debug|Any CPU
		{2F481D17-B387-45B8-971D-4A4C01095CB1}.Debug|Any CPU.Build.0 = Debug|Any CPU
		{2F481D17-B387-45B8-971D-4A4C01095CB1}.Release|Any CPU.ActiveCfg = Release|Any CPU
		{2F481D17-B387-45B8-971D-4A4C01095CB1}.Release|Any CPU.Build.0 = Release|Any CPU
		{67D7FE43-81CD-45BA-A61F-DBDE8710BD70}.Debug|Any CPU.ActiveCfg = Debug|Any CPU
		{67D7FE43-81CD-45BA-A61F-DBDE8710BD70}.Debug|Any CPU.Build.0 = Debug|Any CPU
		{67D7FE43-81CD-45BA-A61F-DBDE8710BD70}.Release|Any CPU.ActiveCfg = Release|Any CPU
		{67D7FE43-81CD-45BA-A61F-DBDE8710BD70}.Release|Any CPU.Build.0 = Release|Any CPU
		{D950617C-FEA8-4B14-B6EF-C65172C4CBA5}.Debug|Any CPU.ActiveCfg = Debug|Any CPU
		{D950617C-FEA8-4B14-B6EF-C65172C4CBA5}.Debug|Any CPU.Build.0 = Debug|Any CPU
		{D950617C-FEA8-4B14-B6EF-C65172C4CBA5}.Release|Any CPU.ActiveCfg = Release|Any CPU
		{D950617C-FEA8-4B14-B6EF-C65172C4CBA5}.Release|Any CPU.Build.0 = Release|Any CPU
		{FE19C59A-3EE1-488C-90CC-F196B8056374}.Debug|Any CPU.ActiveCfg = Debug|Any CPU
		{FE19C59A-3EE1-488C-90CC-F196B8056374}.Debug|Any CPU.Build.0 = Debug|Any CPU
		{FE19C59A-3EE1-488C-90CC-F196B8056374}.Release|Any CPU.ActiveCfg = Release|Any CPU
		{FE19C59A-3EE1-488C-90CC-F196B8056374}.Release|Any CPU.Build.0 = Release|Any CPU
	EndGlobalSection
	GlobalSection(SolutionProperties) = preSolution
		HideSolutionNode = FALSE
	EndGlobalSection
	GlobalSection(NestedProjects) = preSolution
		{04281157-1E59-4A67-AEE6-7E7DA08009F6} = {4A37F17B-546B-4021-B060-924FA2244E40}
		{710BCFB7-44EC-4FF9-A424-80DB4BAF0849} = {5C303B3E-0AC6-44EC-9C99-EF4858E2F1FE}
		{2F481D17-B387-45B8-971D-4A4C01095CB1} = {4A37F17B-546B-4021-B060-924FA2244E40}
		{67D7FE43-81CD-45BA-A61F-DBDE8710BD70} = {2F86C477-3E44-4F57-AFFB-8C59E24FF3F0}
		{D950617C-FEA8-4B14-B6EF-C65172C4CBA5} = {2F86C477-3E44-4F57-AFFB-8C59E24FF3F0}
		{FE19C59A-3EE1-488C-90CC-F196B8056374} = {2F86C477-3E44-4F57-AFFB-8C59E24FF3F0}
	EndGlobalSection
EndGlobal
